// !$*UTF8*$!
{
	archiveVersion = 1;
	classes = {
	};
	objectVersion = 46;
	objects = {

/* Begin PBXBuildFile section */
		4A46DFA71F4D7D6E00F5AAAD /* main.m in Sources */ = {isa = PBXBuildFile; fileRef = 4A46DFA61F4D7D6E00F5AAAD /* main.m */; };
		4A46DFAA1F4D7D6F00F5AAAD /* AppDelegate.m in Sources */ = {isa = PBXBuildFile; fileRef = 4A46DFA91F4D7D6F00F5AAAD /* AppDelegate.m */; };
		4A46DFAD1F4D7D6F00F5AAAD /* ViewController.m in Sources */ = {isa = PBXBuildFile; fileRef = 4A46DFAC1F4D7D6F00F5AAAD /* ViewController.m */; };
		4A46DFB01F4D7D7000F5AAAD /* Main.storyboard in Resources */ = {isa = PBXBuildFile; fileRef = 4A46DFAE1F4D7D7000F5AAAD /* Main.storyboard */; };
		4A46DFB21F4D7D7000F5AAAD /* Assets.xcassets in Resources */ = {isa = PBXBuildFile; fileRef = 4A46DFB11F4D7D7000F5AAAD /* Assets.xcassets */; };
		4A46DFB51F4D7D7000F5AAAD /* LaunchScreen.storyboard in Resources */ = {isa = PBXBuildFile; fileRef = 4A46DFB31F4D7D7000F5AAAD /* LaunchScreen.storyboard */; };
		4A46DFBE1F4D7DB200F5AAAD /* CoreData.framework in Frameworks */ = {isa = PBXBuildFile; fileRef = 4A46DFBD1F4D7DB200F5AAAD /* CoreData.framework */; };
		4A46DFC21F4D7DEA00F5AAAD /* CoreDataObjC.xcdatamodeld in Sources */ = {isa = PBXBuildFile; fileRef = 4A46DFC01F4D7DEA00F5AAAD /* CoreDataObjC.xcdatamodeld */; };
		4A46DFC51F4D7E9D00F5AAAD /* UniversalDataModel.m in Sources */ = {isa = PBXBuildFile; fileRef = 4A46DFC41F4D7E9D00F5AAAD /* UniversalDataModel.m */; };
/* End PBXBuildFile section */

/* Begin PBXFileReference section */
		4A46DFA21F4D7D6D00F5AAAD /* CoreDataObjC.app */ = {isa = PBXFileReference; explicitFileType = wrapper.application; includeInIndex = 0; path = CoreDataObjC.app; sourceTree = BUILT_PRODUCTS_DIR; };
		4A46DFA61F4D7D6E00F5AAAD /* main.m */ = {isa = PBXFileReference; lastKnownFileType = sourcecode.c.objc; path = main.m; sourceTree = "<group>"; };
		4A46DFA81F4D7D6F00F5AAAD /* AppDelegate.h */ = {isa = PBXFileReference; lastKnownFileType = sourcecode.c.h; path = AppDelegate.h; sourceTree = "<group>"; };
		4A46DFA91F4D7D6F00F5AAAD /* AppDelegate.m */ = {isa = PBXFileReference; lastKnownFileType = sourcecode.c.objc; path = AppDelegate.m; sourceTree = "<group>"; };
		4A46DFAB1F4D7D6F00F5AAAD /* ViewController.h */ = {isa = PBXFileReference; lastKnownFileType = sourcecode.c.h; path = ViewController.h; sourceTree = "<group>"; };
		4A46DFAC1F4D7D6F00F5AAAD /* ViewController.m */ = {isa = PBXFileReference; lastKnownFileType = sourcecode.c.objc; path = ViewController.m; sourceTree = "<group>"; };
		4A46DFAF1F4D7D7000F5AAAD /* Base */ = {isa = PBXFileReference; lastKnownFileType = file.storyboard; name = Base; path = Base.lproj/Main.storyboard; sourceTree = "<group>"; };
		4A46DFB11F4D7D7000F5AAAD /* Assets.xcassets */ = {isa = PBXFileReference; lastKnownFileType = folder.assetcatalog; path = Assets.xcassets; sourceTree = "<group>"; };
		4A46DFB41F4D7D7000F5AAAD /* Base */ = {isa = PBXFileReference; lastKnownFileType = file.storyboard; name = Base; path = Base.lproj/LaunchScreen.storyboard; sourceTree = "<group>"; };
		4A46DFB61F4D7D7000F5AAAD /* Info.plist */ = {isa = PBXFileReference; lastKnownFileType = text.plist.xml; path = Info.plist; sourceTree = "<group>"; };
		4A46DFBD1F4D7DB200F5AAAD /* CoreData.framework */ = {isa = PBXFileReference; lastKnownFileType = wrapper.framework; name = CoreData.framework; path = System/Library/Frameworks/CoreData.framework; sourceTree = SDKROOT; };
		4A46DFC11F4D7DEA00F5AAAD /* CoreDataObjC.xcdatamodel */ = {isa = PBXFileReference; lastKnownFileType = wrapper.xcdatamodel; path = CoreDataObjC.xcdatamodel; sourceTree = "<group>"; };
		4A46DFC31F4D7E9D00F5AAAD /* UniversalDataModel.h */ = {isa = PBXFileReference; fileEncoding = 4; lastKnownFileType = sourcecode.c.h; path = UniversalDataModel.h; sourceTree = "<group>"; };
		4A46DFC41F4D7E9D00F5AAAD /* UniversalDataModel.m */ = {isa = PBXFileReference; fileEncoding = 4; lastKnownFileType = sourcecode.c.objc; path = UniversalDataModel.m; sourceTree = "<group>"; };
/* End PBXFileReference section */

/* Begin PBXFrameworksBuildPhase section */
		4A46DF9F1F4D7D6D00F5AAAD /* Frameworks */ = {
			isa = PBXFrameworksBuildPhase;
			buildActionMask = 2147483647;
			files = (
				4A46DFBE1F4D7DB200F5AAAD /* CoreData.framework in Frameworks */,
			);
			runOnlyForDeploymentPostprocessing = 0;
		};
/* End PBXFrameworksBuildPhase section */

/* Begin PBXGroup section */
		4A46DF991F4D7D6C00F5AAAD = {
			isa = PBXGroup;
			children = (
				4A46DFA41F4D7D6E00F5AAAD /* CoreDataObjC */,
				4A46DFA31F4D7D6E00F5AAAD /* Products */,
				4A46DFBC1F4D7DB200F5AAAD /* Frameworks */,
			);
			sourceTree = "<group>";
		};
		4A46DFA31F4D7D6E00F5AAAD /* Products */ = {
			isa = PBXGroup;
			children = (
				4A46DFA21F4D7D6D00F5AAAD /* CoreDataObjC.app */,
			);
			name = Products;
			sourceTree = "<group>";
		};
		4A46DFA41F4D7D6E00F5AAAD /* CoreDataObjC */ = {
			isa = PBXGroup;
			children = (
				4A46DFBF1F4D7DC000F5AAAD /* CoreData */,
				4A46DFA81F4D7D6F00F5AAAD /* AppDelegate.h */,
				4A46DFA91F4D7D6F00F5AAAD /* AppDelegate.m */,
				4A46DFAB1F4D7D6F00F5AAAD /* ViewController.h */,
				4A46DFAC1F4D7D6F00F5AAAD /* ViewController.m */,
				4A46DFAE1F4D7D7000F5AAAD /* Main.storyboard */,
				4A46DFB11F4D7D7000F5AAAD /* Assets.xcassets */,
				4A46DFB31F4D7D7000F5AAAD /* LaunchScreen.storyboard */,
				4A46DFB61F4D7D7000F5AAAD /* Info.plist */,
				4A46DFA51F4D7D6E00F5AAAD /* Supporting Files */,
			);
			path = CoreDataObjC;
			sourceTree = "<group>";
		};
		4A46DFA51F4D7D6E00F5AAAD /* Supporting Files */ = {
			isa = PBXGroup;
			children = (
				4A46DFA61F4D7D6E00F5AAAD /* main.m */,
			);
			name = "Supporting Files";
			sourceTree = "<group>";
		};
		4A46DFBC1F4D7DB200F5AAAD /* Frameworks */ = {
			isa = PBXGroup;
			children = (
				4A46DFBD1F4D7DB200F5AAAD /* CoreData.framework */,
			);
			name = Frameworks;
			sourceTree = "<group>";
		};
		4A46DFBF1F4D7DC000F5AAAD /* CoreData */ = {
			isa = PBXGroup;
			children = (
				4A46DFC01F4D7DEA00F5AAAD /* CoreDataObjC.xcdatamodeld */,
				4A46DFC31F4D7E9D00F5AAAD /* UniversalDataModel.h */,
				4A46DFC41F4D7E9D00F5AAAD /* UniversalDataModel.m */,
			);
			name = CoreData;
			sourceTree = "<group>";
		};
/* End PBXGroup section */

/* Begin PBXNativeTarget section */
		4A46DFA11F4D7D6D00F5AAAD /* CoreDataObjC */ = {
			isa = PBXNativeTarget;
			buildConfigurationList = 4A46DFB91F4D7D7000F5AAAD /* Build configuration list for PBXNativeTarget "CoreDataObjC" */;
			buildPhases = (
				4A46DF9E1F4D7D6D00F5AAAD /* Sources */,
				4A46DF9F1F4D7D6D00F5AAAD /* Frameworks */,
				4A46DFA01F4D7D6D00F5AAAD /* Resources */,
			);
			buildRules = (
			);
			dependencies = (
			);
			name = CoreDataObjC;
			productName = CoreDataObjC;
			productReference = 4A46DFA21F4D7D6D00F5AAAD /* CoreDataObjC.app */;
			productType = "com.apple.product-type.application";
		};
/* End PBXNativeTarget section */

/* Begin PBXProject section */
		4A46DF9A1F4D7D6C00F5AAAD /* Project object */ = {
			isa = PBXProject;
			attributes = {
				LastUpgradeCheck = 0830;
				ORGANIZATIONNAME = simplicity;
				TargetAttributes = {
					4A46DFA11F4D7D6D00F5AAAD = {
						CreatedOnToolsVersion = 8.3.3;
						DevelopmentTeam = MR2PX4Y62Y;
						LastSwiftMigration = 0830;
						ProvisioningStyle = Automatic;
					};
				};
			};
			buildConfigurationList = 4A46DF9D1F4D7D6D00F5AAAD /* Build configuration list for PBXProject "CoreDataObjC" */;
			compatibilityVersion = "Xcode 3.2";
			developmentRegion = English;
			hasScannedForEncodings = 0;
			knownRegions = (
				en,
				Base,
			);
			mainGroup = 4A46DF991F4D7D6C00F5AAAD;
			productRefGroup = 4A46DFA31F4D7D6E00F5AAAD /* Products */;
			projectDirPath = "";
			projectRoot = "";
			targets = (
				4A46DFA11F4D7D6D00F5AAAD /* CoreDataObjC */,
			);
		};
/* End PBXProject section */

/* Begin PBXResourcesBuildPhase section */
		4A46DFA01F4D7D6D00F5AAAD /* Resources */ = {
			isa = PBXResourcesBuildPhase;
			buildActionMask = 2147483647;
			files = (
				4A46DFB51F4D7D7000F5AAAD /* LaunchScreen.storyboard in Resources */,
				4A46DFB21F4D7D7000F5AAAD /* Assets.xcassets in Resources */,
				4A46DFB01F4D7D7000F5AAAD /* Main.storyboard in Resources */,
			);
			runOnlyForDeploymentPostprocessing = 0;
		};
/* End PBXResourcesBuildPhase section */

/* Begin PBXSourcesBuildPhase section */
		4A46DF9E1F4D7D6D00F5AAAD /* Sources */ = {
			isa = PBXSourcesBuildPhase;
			buildActionMask = 2147483647;
			files = (
				4A46DFC51F4D7E9D00F5AAAD /* UniversalDataModel.m in Sources */,
				4A46DFAD1F4D7D6F00F5AAAD /* ViewController.m in Sources */,
				4A46DFAA1F4D7D6F00F5AAAD /* AppDelegate.m in Sources */,
				4A46DFC21F4D7DEA00F5AAAD /* CoreDataObjC.xcdatamodeld in Sources */,
				4A46DFA71F4D7D6E00F5AAAD /* main.m in Sources */,
			);
			runOnlyForDeploymentPostprocessing = 0;
		};
/* End PBXSourcesBuildPhase section */

/* Begin PBXVariantGroup section */
		4A46DFAE1F4D7D7000F5AAAD /* Main.storyboard */ = {
			isa = PBXVariantGroup;
			children = (
				4A46DFAF1F4D7D7000F5AAAD /* Base */,
			);
			name = Main.storyboard;
			sourceTree = "<group>";
		};
		4A46DFB31F4D7D7000F5AAAD /* LaunchScreen.storyboard */ = {
			isa = PBXVariantGroup;
			children = (
				4A46DFB41F4D7D7000F5AAAD /* Base */,
			);
			name = LaunchScreen.storyboard;
			sourceTree = "<group>";
		};
/* End PBXVariantGroup section */

/* Begin XCBuildConfiguration section */
		4A46DFB71F4D7D7000F5AAAD /* Debug */ = {
			isa = XCBuildConfiguration;
			buildSettings = {
				ALWAYS_SEARCH_USER_PATHS = NO;
				CLANG_ANALYZER_NONNULL = YES;
				CLANG_ANALYZER_NUMBER_OBJECT_CONVERSION = YES_AGGRESSIVE;
				CLANG_CXX_LANGUAGE_STANDARD = "gnu++0x";
				CLANG_CXX_LIBRARY = "libc++";
				CLANG_ENABLE_MODULES = YES;
				CLANG_ENABLE_OBJC_ARC = YES;
				CLANG_WARN_BOOL_CONVERSION = YES;
				CLANG_WARN_CONSTANT_CONVERSION = YES;
				CLANG_WARN_DIRECT_OBJC_ISA_USAGE = YES_ERROR;
				CLANG_WARN_DOCUMENTATION_COMMENTS = YES;
				CLANG_WARN_EMPTY_BODY = YES;
				CLANG_WARN_ENUM_CONVERSION = YES;
				CLANG_WARN_INFINITE_RECURSION = YES;
				CLANG_WARN_INT_CONVERSION = YES;
				CLANG_WARN_OBJC_ROOT_CLASS = YES_ERROR;
				CLANG_WARN_SUSPICIOUS_MOVE = YES;
				CLANG_WARN_UNREACHABLE_CODE = YES;
				CLANG_WARN__DUPLICATE_METHOD_MATCH = YES;
				"CODE_SIGN_IDENTITY[sdk=iphoneos*]" = "iPhone Developer";
				COPY_PHASE_STRIP = NO;
				DEBUG_INFORMATION_FORMAT = dwarf;
				ENABLE_STRICT_OBJC_MSGSEND = YES;
				ENABLE_TESTABILITY = YES;
				GCC_C_LANGUAGE_STANDARD = gnu99;
				GCC_DYNAMIC_NO_PIC = NO;
				GCC_NO_COMMON_BLOCKS = YES;
				GCC_OPTIMIZATION_LEVEL = 0;
				GCC_PREPROCESSOR_DEFINITIONS = (
					"DEBUG=1",
					"$(inherited)",
				);
				GCC_WARN_64_TO_32_BIT_CONVERSION = YES;
				GCC_WARN_ABOUT_RETURN_TYPE = YES_ERROR;
				GCC_WARN_UNDECLARED_SELECTOR = YES;
				GCC_WARN_UNINITIALIZED_AUTOS = YES_AGGRESSIVE;
				GCC_WARN_UNUSED_FUNCTION = YES;
				GCC_WARN_UNUSED_VARIABLE = YES;
				IPHONEOS_DEPLOYMENT_TARGET = 10.3;
				MTL_ENABLE_DEBUG_INFO = YES;
				ONLY_ACTIVE_ARCH = YES;
				SDKROOT = iphoneos;
			};
			name = Debug;
		};
		4A46DFB81F4D7D7000F5AAAD /* Release */ = {
			isa = XCBuildConfiguration;
			buildSettings = {
				ALWAYS_SEARCH_USER_PATHS = NO;
				CLANG_ANALYZER_NONNULL = YES;
				CLANG_ANALYZER_NUMBER_OBJECT_CONVERSION = YES_AGGRESSIVE;
				CLANG_CXX_LANGUAGE_STANDARD = "gnu++0x";
				CLANG_CXX_LIBRARY = "libc++";
				CLANG_ENABLE_MODULES = YES;
				CLANG_ENABLE_OBJC_ARC = YES;
				CLANG_WARN_BOOL_CONVERSION = YES;
				CLANG_WARN_CONSTANT_CONVERSION = YES;
				CLANG_WARN_DIRECT_OBJC_ISA_USAGE = YES_ERROR;
				CLANG_WARN_DOCUMENTATION_COMMENTS = YES;
				CLANG_WARN_EMPTY_BODY = YES;
				CLANG_WARN_ENUM_CONVERSION = YES;
				CLANG_WARN_INFINITE_RECURSION = YES;
				CLANG_WARN_INT_CONVERSION = YES;
				CLANG_WARN_OBJC_ROOT_CLASS = YES_ERROR;
				CLANG_WARN_SUSPICIOUS_MOVE = YES;
				CLANG_WARN_UNREACHABLE_CODE = YES;
				CLANG_WARN__DUPLICATE_METHOD_MATCH = YES;
				"CODE_SIGN_IDENTITY[sdk=iphoneos*]" = "iPhone Developer";
				COPY_PHASE_STRIP = NO;
				DEBUG_INFORMATION_FORMAT = "dwarf-with-dsym";
				ENABLE_NS_ASSERTIONS = NO;
				ENABLE_STRICT_OBJC_MSGSEND = YES;
				GCC_C_LANGUAGE_STANDARD = gnu99;
				GCC_NO_COMMON_BLOCKS = YES;
				GCC_WARN_64_TO_32_BIT_CONVERSION = YES;
				GCC_WARN_ABOUT_RETURN_TYPE = YES_ERROR;
				GCC_WARN_UNDECLARED_SELECTOR = YES;
				GCC_WARN_UNINITIALIZED_AUTOS = YES_AGGRESSIVE;
				GCC_WARN_UNUSED_FUNCTION = YES;
				GCC_WARN_UNUSED_VARIABLE = YES;
				IPHONEOS_DEPLOYMENT_TARGET = 10.3;
				MTL_ENABLE_DEBUG_INFO = NO;
				SDKROOT = iphoneos;
				VALIDATE_PRODUCT = YES;
			};
			name = Release;
		};
		4A46DFBA1F4D7D7000F5AAAD /* Debug */ = {
			isa = XCBuildConfiguration;
			buildSettings = {
				ASSETCATALOG_COMPILER_APPICON_NAME = AppIcon;
				DEVELOPMENT_TEAM = MR2PX4Y62Y;
				INFOPLIST_FILE = CoreDataObjC/Info.plist;
				IPHONEOS_DEPLOYMENT_TARGET = 8.0;
				LD_RUNPATH_SEARCH_PATHS = "$(inherited) @executable_path/Frameworks";
				PRODUCT_BUNDLE_IDENTIFIER = com.test.CoreDataObjC;
				PRODUCT_NAME = "$(TARGET_NAME)";
				SWIFT_VERSION = 3.0;
			};
			name = Debug;
		};
		4A46DFBB1F4D7D7000F5AAAD /* Release */ = {
			isa = XCBuildConfiguration;
			buildSettings = {
				ASSETCATALOG_COMPILER_APPICON_NAME = AppIcon;
				DEVELOPMENT_TEAM = MR2PX4Y62Y;
				INFOPLIST_FILE = CoreDataObjC/Info.plist;
				IPHONEOS_DEPLOYMENT_TARGET = 8.0;
				LD_RUNPATH_SEARCH_PATHS = "$(inherited) @executable_path/Frameworks";
				PRODUCT_BUNDLE_IDENTIFIER = com.test.CoreDataObjC;
				PRODUCT_NAME = "$(TARGET_NAME)";
				SWIFT_VERSION = 3.0;
			};
			name = Release;
		};
/* End XCBuildConfiguration section */

/* Begin XCConfigurationList section */
		4A46DF9D1F4D7D6D00F5AAAD /* Build configuration list for PBXProject "CoreDataObjC" */ = {
			isa = XCConfigurationList;
			buildConfigurations = (
				4A46DFB71F4D7D7000F5AAAD /* Debug */,
				4A46DFB81F4D7D7000F5AAAD /* Release */,
			);
			defaultConfigurationIsVisible = 0;
			defaultConfigurationName = Release;
		};
		4A46DFB91F4D7D7000F5AAAD /* Build configuration list for PBXNativeTarget "CoreDataObjC" */ = {
			isa = XCConfigurationList;
			buildConfigurations = (
				4A46DFBA1F4D7D7000F5AAAD /* Debug */,
				4A46DFBB1F4D7D7000F5AAAD /* Release */,
			);
			defaultConfigurationIsVisible = 0;
		};
/* End XCConfigurationList section */

/* Begin XCVersionGroup section */
		4A46DFC01F4D7DEA00F5AAAD /* CoreDataObjC.xcdatamodeld */ = {
			isa = XCVersionGroup;
			children = (
				4A46DFC11F4D7DEA00F5AAAD /* CoreDataObjC.xcdatamodel */,
			);
			currentVersion = 4A46DFC11F4D7DEA00F5AAAD /* CoreDataObjC.xcdatamodel */;
			path = CoreDataObjC.xcdatamodeld;
			sourceTree = "<group>";
			versionGroupType = wrapper.xcdatamodel;
		};
/* End XCVersionGroup section */
	};
	rootObject = 4A46DF9A1F4D7D6C00F5AAAD /* Project object */;
}
